
Microsoft Visual Studio Solution File, Format Version 12.00
# Visual Studio Version 16
VisualStudioVersion = 16.0.31129.286
MinimumVisualStudioVersion = 10.0.40219.1
Project("{FAE04EC0-301F-11D3-BF4B-00C04F79EFBC}") = "Esquirlas.API", "Esquirlas.API\Esquirlas.API.csproj", "{2F1FD6F8-F850-45AA-A624-66610FE3AF2F}"
EndProject
Project("{FAE04EC0-301F-11D3-BF4B-00C04F79EFBC}") = "Esquirlas.Domain", "Esquirlas.Domain\Esquirlas.Domain.csproj", "{8E80C3E6-ABC6-46DA-AB46-943A61785C06}"
EndProject
Project("{FAE04EC0-301F-11D3-BF4B-00C04F79EFBC}") = "Esquirlas.Application", "Esquirlas.Application\Esquirlas.Application.csproj", "{D2E107AF-7337-4A65-AF31-C12CFA6C3AA0}"
EndProject
Project("{FAE04EC0-301F-11D3-BF4B-00C04F79EFBC}") = "Esquirlas.Infrastructure", "Esquirlas.Infrastructure\Esquirlas.Infrastructure.csproj", "{7036D678-4586-459C-88A4-B921D0C9DABE}"
EndProject
Global
	GlobalSection(SolutionConfigurationPlatforms) = preSolution
		Debug|Any CPU = Debug|Any CPU
		Release|Any CPU = Release|Any CPU
	EndGlobalSection
	GlobalSection(ProjectConfigurationPlatforms) = postSolution
		{2F1FD6F8-F850-45AA-A624-66610FE3AF2F}.Debug|Any CPU.ActiveCfg = Debug|Any CPU
		{2F1FD6F8-F850-45AA-A624-66610FE3AF2F}.Debug|Any CPU.Build.0 = Debug|Any CPU
		{2F1FD6F8-F850-45AA-A624-66610FE3AF2F}.Release|Any CPU.ActiveCfg = Release|Any CPU
		{2F1FD6F8-F850-45AA-A624-66610FE3AF2F}.Release|Any CPU.Build.0 = Release|Any CPU
		{8E80C3E6-ABC6-46DA-AB46-943A61785C06}.Debug|Any CPU.ActiveCfg = Debug|Any CPU
		{8E80C3E6-ABC6-46DA-AB46-943A61785C06}.Debug|Any CPU.Build.0 = Debug|Any CPU
		{8E80C3E6-ABC6-46DA-AB46-943A61785C06}.Release|Any CPU.ActiveCfg = Release|Any CPU
		{8E80C3E6-ABC6-46DA-AB46-943A61785C06}.Release|Any CPU.Build.0 = Release|Any CPU
		{D2E107AF-7337-4A65-AF31-C12CFA6C3AA0}.Debug|Any CPU.ActiveCfg = Debug|Any CPU
		{D2E107AF-7337-4A65-AF31-C12CFA6C3AA0}.Debug|Any CPU.Build.0 = Debug|Any CPU
		{D2E107AF-7337-4A65-AF31-C12CFA6C3AA0}.Release|Any CPU.ActiveCfg = Release|Any CPU
		{D2E107AF-7337-4A65-AF31-C12CFA6C3AA0}.Release|Any CPU.Build.0 = Release|Any CPU
		{7036D678-4586-459C-88A4-B921D0C9DABE}.Debug|Any CPU.ActiveCfg = Debug|Any CPU
		{7036D678-4586-459C-88A4-B921D0C9DABE}.Debug|Any CPU.Build.0 = Debug|Any CPU
		{7036D678-4586-459C-88A4-B921D0C9DABE}.Release|Any CPU.ActiveCfg = Release|Any CPU
		{7036D678-4586-459C-88A4-B921D0C9DABE}.Release|Any CPU.Build.0 = Release|Any CPU
	EndGlobalSection
	GlobalSection(SolutionProperties) = preSolution
		HideSolutionNode = FALSE
	EndGlobalSection
	GlobalSection(ExtensibilityGlobals) = postSolution
		SolutionGuid = {BFA2714E-77B3-4153-8A49-B61F2EFE1FB6}
	EndGlobalSection
EndGlobal
